
Microsoft Visual Studio Solution File, Format Version 12.00
Project("{2150E333-8FDC-42A3-9474-1A3956D46DE8}") = "src", "src", "{8B5CCDCC-F6D9-4C36-B217-221165D81EE8}"
	ProjectSection(SolutionItems) = preProject
		src\Directory.Build.props = src\Directory.Build.props
	EndProjectSection
EndProject
Project("{FAE04EC0-301F-11D3-BF4B-00C04F79EFBC}") = "Enhanced.Testing.Component", "src\Enhanced.Testing.Component\Enhanced.Testing.Component.csproj", "{C0BDC29B-7435-4C9B-BC32-225F13CABC5E}"
EndProject
Project("{FAE04EC0-301F-11D3-BF4B-00C04F79EFBC}") = "Enhanced.Testing.Component.GrpcClient", "src\Enhanced.Testing.Component.GrpcClient\Enhanced.Testing.Component.GrpcClient.csproj", "{25CB5162-E316-4FDB-9531-DA763F8D0A47}"
EndProject
Project("{2150E333-8FDC-42A3-9474-1A3956D46DE8}") = "examples", "examples", "{E074275C-95F8-4C99-8F80-4A688866535F}"
EndProject
Project("{FAE04EC0-301F-11D3-BF4B-00C04F79EFBC}") = "SampleService", "examples\SampleService\SampleService.csproj", "{34E83D23-126B-4BAB-BE4A-03099EBC3270}"
EndProject
Project("{FAE04EC0-301F-11D3-BF4B-00C04F79EFBC}") = "SampleService.Tests", "examples\SampleService.Tests\SampleService.Tests.csproj", "{DC344617-8AF3-4A0B-A4DB-F29B8FDB0E6F}"
EndProject
Project("{FAE04EC0-301F-11D3-BF4B-00C04F79EFBC}") = "Enhanced.Testing.Component.DbContext", "src\Enhanced.Testing.Component.DbContext\Enhanced.Testing.Component.DbContext.csproj", "{11EE9253-65C0-4FE5-8A84-119CB6DF2777}"
EndProject
Project("{FAE04EC0-301F-11D3-BF4B-00C04F79EFBC}") = "Enhanced.Testing.Component.PostgreSql", "src\Enhanced.Testing.Component.PostgreSql\Enhanced.Testing.Component.PostgreSql.csproj", "{4D0BA942-2908-4173-B276-B8294194D1CF}"
EndProject
Global
	GlobalSection(SolutionConfigurationPlatforms) = preSolution
		Debug|Any CPU = Debug|Any CPU
		Release|Any CPU = Release|Any CPU
	EndGlobalSection
	GlobalSection(NestedProjects) = preSolution
		{C0BDC29B-7435-4C9B-BC32-225F13CABC5E} = {8B5CCDCC-F6D9-4C36-B217-221165D81EE8}
		{25CB5162-E316-4FDB-9531-DA763F8D0A47} = {8B5CCDCC-F6D9-4C36-B217-221165D81EE8}
		{34E83D23-126B-4BAB-BE4A-03099EBC3270} = {E074275C-95F8-4C99-8F80-4A688866535F}
		{DC344617-8AF3-4A0B-A4DB-F29B8FDB0E6F} = {E074275C-95F8-4C99-8F80-4A688866535F}
		{11EE9253-65C0-4FE5-8A84-119CB6DF2777} = {8B5CCDCC-F6D9-4C36-B217-221165D81EE8}
		{4D0BA942-2908-4173-B276-B8294194D1CF} = {8B5CCDCC-F6D9-4C36-B217-221165D81EE8}
	EndGlobalSection
	GlobalSection(ProjectConfigurationPlatforms) = postSolution
		{C0BDC29B-7435-4C9B-BC32-225F13CABC5E}.Debug|Any CPU.ActiveCfg = Debug|Any CPU
		{C0BDC29B-7435-4C9B-BC32-225F13CABC5E}.Debug|Any CPU.Build.0 = Debug|Any CPU
		{C0BDC29B-7435-4C9B-BC32-225F13CABC5E}.Release|Any CPU.ActiveCfg = Release|Any CPU
		{C0BDC29B-7435-4C9B-BC32-225F13CABC5E}.Release|Any CPU.Build.0 = Release|Any CPU
		{25CB5162-E316-4FDB-9531-DA763F8D0A47}.Debug|Any CPU.ActiveCfg = Debug|Any CPU
		{25CB5162-E316-4FDB-9531-DA763F8D0A47}.Debug|Any CPU.Build.0 = Debug|Any CPU
		{25CB5162-E316-4FDB-9531-DA763F8D0A47}.Release|Any CPU.ActiveCfg = Release|Any CPU
		{25CB5162-E316-4FDB-9531-DA763F8D0A47}.Release|Any CPU.Build.0 = Release|Any CPU
		{34E83D23-126B-4BAB-BE4A-03099EBC3270}.Debug|Any CPU.ActiveCfg = Debug|Any CPU
		{34E83D23-126B-4BAB-BE4A-03099EBC3270}.Debug|Any CPU.Build.0 = Debug|Any CPU
		{34E83D23-126B-4BAB-BE4A-03099EBC3270}.Release|Any CPU.ActiveCfg = Release|Any CPU
		{34E83D23-126B-4BAB-BE4A-03099EBC3270}.Release|Any CPU.Build.0 = Release|Any CPU
		{DC344617-8AF3-4A0B-A4DB-F29B8FDB0E6F}.Debug|Any CPU.ActiveCfg = Debug|Any CPU
		{DC344617-8AF3-4A0B-A4DB-F29B8FDB0E6F}.Debug|Any CPU.Build.0 = Debug|Any CPU
		{DC344617-8AF3-4A0B-A4DB-F29B8FDB0E6F}.Release|Any CPU.ActiveCfg = Release|Any CPU
		{DC344617-8AF3-4A0B-A4DB-F29B8FDB0E6F}.Release|Any CPU.Build.0 = Release|Any CPU
		{11EE9253-65C0-4FE5-8A84-119CB6DF2777}.Debug|Any CPU.ActiveCfg = Debug|Any CPU
		{11EE9253-65C0-4FE5-8A84-119CB6DF2777}.Debug|Any CPU.Build.0 = Debug|Any CPU
		{11EE9253-65C0-4FE5-8A84-119CB6DF2777}.Release|Any CPU.ActiveCfg = Release|Any CPU
		{11EE9253-65C0-4FE5-8A84-119CB6DF2777}.Release|Any CPU.Build.0 = Release|Any CPU
		{4D0BA942-2908-4173-B276-B8294194D1CF}.Debug|Any CPU.ActiveCfg = Debug|Any CPU
		{4D0BA942-2908-4173-B276-B8294194D1CF}.Debug|Any CPU.Build.0 = Debug|Any CPU
		{4D0BA942-2908-4173-B276-B8294194D1CF}.Release|Any CPU.ActiveCfg = Release|Any CPU
		{4D0BA942-2908-4173-B276-B8294194D1CF}.Release|Any CPU.Build.0 = Release|Any CPU
	EndGlobalSection
EndGlobal
